
Microsoft Visual Studio Solution File, Format Version 12.00
# Visual Studio Version 16
VisualStudioVersion = 16.0.37027.11
MinimumVisualStudioVersion = 10.0.40219.1
Project("{8BC9CEB8-8B4A-11D0-8D11-00A0C91BC942}") = "scaling-adventure", "scaling-adventure.vcxproj", "{D6EC0880-D047-4303-8DFB-89330EE0B5CE}"
EndProject
Global
	GlobalSection(SolutionConfigurationPlatforms) = preSolution
		Debug|x64 = Debug|x64
		Debug|x86 = Debug|x86
		Release|x64 = Release|x64
		Release|x86 = Release|x86
	EndGlobalSection
	GlobalSection(ProjectConfigurationPlatforms) = postSolution
		{D6EC0880-D047-4303-8DFB-89330EE0B5CE}.Debug|x64.ActiveCfg = Debug|x64
		{D6EC0880-D047-4303-8DFB-89330EE0B5CE}.Debug|x64.Build.0 = Debug|x64
		{D6EC0880-D047-4303-8DFB-89330EE0B5CE}.Debug|x86.ActiveCfg = Debug|Win32
		{D6EC0880-D047-4303-8DFB-89330EE0B5CE}.Debug|x86.Build.0 = Debug|Win32
		{D6EC0880-D047-4303-8DFB-89330EE0B5CE}.Release|x64.ActiveCfg = Release|x64
		{D6EC0880-D047-4303-8DFB-89330EE0B5CE}.Release|x64.Build.0 = Release|x64
		{D6EC0880-D047-4303-8DFB-89330EE0B5CE}.Release|x86.ActiveCfg = Release|Win32
		{D6EC0880-D047-4303-8DFB-89330EE0B5CE}.Release|x86.Build.0 = Release|Win32
	EndGlobalSection
	GlobalSection(SolutionProperties) = preSolution
		HideSolutionNode = FALSE
	EndGlobalSection
	GlobalSection(ExtensibilityGlobals) = postSolution
		SolutionGuid = {9F9C998A-DDB5-4046-92A2-2E8D35C70A1E}
	EndGlobalSection
EndGlobal
